<?xml version="1.0" encoding="utf-8"?>
<Project ToolsVersion="4.0" xmlns="http://schemas.microsoft.com/developer/msbuild/2003">
  <ItemGroup>
    <Filter Include="Source Files">
      <UniqueIdentifier>{4FC737F1-C7A5-4376-A066-2A32D752A2FF}</UniqueIdentifier>
      <Extensions>cpp;cxx;c;def</Extensions>
    </Filter>
    <Filter Include="Header Files">
      <UniqueIdentifier>{93995380-89BD-4b04-88EB-625FBE52EBFB}</UniqueIdentifier>
      <Extensions>h</Extensions>
    </Filter>
    <Filter Include="Form Files">
      <UniqueIdentifier>{99349809-55BA-4b9d-BF79-8FDBB0286EB3}</UniqueIdentifier>
      <Extensions>ui</Extensions>
    </Filter>
    <Filter Include="Resource Files">
      <UniqueIdentifier>{D9D6E242-F8AF-46E4-B9FD-80ECBC20BA3E}</UniqueIdentifier>
      <Extensions>qrc;*</Extensions>
      <ParseFiles>false</ParseFiles>
    </Filter>
    <Filter Include="Generated Files">
      <UniqueIdentifier>{71ED8ED8-ACB9-4CE9-BBE1-E00B30144E11}</UniqueIdentifier>
      <Extensions>moc;h;cpp</Extensions>
      <SourceControlFiles>False</SourceControlFiles>
    </Filter>
    <Filter Include="Generated Files\Debug">
      <UniqueIdentifier>{48ebe01d-7c20-4247-acbe-86a5c26bdea8}</UniqueIdentifier>
      <Extensions>cpp;moc</Extensions>
      <SourceControlFiles>False</SourceControlFiles>
    </Filter>
    <Filter Include="Generated Files\Release">
      <UniqueIdentifier>{17b1e815-e681-4967-b760-ec371eac9b08}</UniqueIdentifier>
      <Extensions>cpp;moc</Extensions>
      <SourceControlFiles>False</SourceControlFiles>
    </Filter>
    <Filter Include="Header Files\hbapi">
      <UniqueIdentifier>{dbcbc83e-4c8f-4ee3-8e4e-45b58d5f8933}</UniqueIdentifier>
    </Filter>
    <Filter Include="Source Files\hbapi">
      <UniqueIdentifier>{b522d1f0-aeb6-402c-b549-082d3a4d75a5}</UniqueIdentifier>
    </Filter>
  </ItemGroup>
  <ItemGroup>
    <ClCompile Include="main.cpp">
      <Filter>Source Files</Filter>
    </ClCompile>
    <ClCompile Include="misshuobi.cpp">
      <Filter>Source Files</Filter>
    </ClCompile>
    <ClCompile Include="GeneratedFiles\Debug\moc_misshuobi.cpp">
      <Filter>Generated Files\Debug</Filter>
    </ClCompile>
    <ClCompile Include="GeneratedFiles\Release\moc_misshuobi.cpp">
      <Filter>Generated Files\Release</Filter>
    </ClCompile>
    <ClCompile Include="GeneratedFiles\qrc_misshuobi.cpp">
      <Filter>Generated Files</Filter>
    </ClCompile>
    <ClCompile Include="hbapi\reqmarketdepthtop.cpp">
      <Filter>Source Files\hbapi</Filter>
    </ClCompile>
    <ClCompile Include="hbapi\requestbase.cpp">
      <Filter>Source Files\hbapi</Filter>
    </ClCompile>
    <ClCompile Include="hbapi\reqmsgsubscribe.cpp">
      <Filter>Source Files\hbapi</Filter>
    </ClCompile>
    <ClCompile Include="hbapi\subscribebase.cpp">
      <Filter>Source Files\hbapi</Filter>
    </ClCompile>
    <ClCompile Include="hbapi\misshbdef.cpp">
      <Filter>Source Files\hbapi</Filter>
    </ClCompile>
    <ClCompile Include="hbapi\hbparser.cpp">
      <Filter>Source Files\hbapi</Filter>
    </ClCompile>
    <ClCompile Include="hbapi\misshbfunc.cpp">
      <Filter>Source Files\hbapi</Filter>
    </ClCompile>
    <ClCompile Include="hbapi\msgtradedetail.cpp">
      <Filter>Source Files\hbapi</Filter>
    </ClCompile>
    <ClCompile Include="hbapi\msgmarketdetail.cpp">
      <Filter>Source Files\hbapi</Filter>
    </ClCompile>
    <ClCompile Include="hbapi\bidsdata.cpp">
      <Filter>Source Files</Filter>
    </ClCompile>
    <ClCompile Include="hbapi\asksdata.cpp">
      <Filter>Source Files</Filter>
    </ClCompile>
    <ClCompile Include="hbapi\tradesdata.cpp">
      <Filter>Source Files\hbapi</Filter>
    </ClCompile>
  </ItemGroup>
  <ItemGroup>
    <CustomBuild Include="misshuobi.h">
      <Filter>Header Files</Filter>
    </CustomBuild>
    <CustomBuild Include="misshuobi.ui">
      <Filter>Form Files</Filter>
    </CustomBuild>
    <CustomBuild Include="misshuobi.qrc">
      <Filter>Resource Files</Filter>
    </CustomBuild>
  </ItemGroup>
  <ItemGroup>
    <ClInclude Include="GeneratedFiles\ui_misshuobi.h">
      <Filter>Generated Files</Filter>
    </ClInclude>
    <ClInclude Include="hbapi\idCreater.hpp">
      <Filter>Header Files\hbapi</Filter>
    </ClInclude>
    <ClInclude Include="hbapi\reqmarketdepthtop.h">
      <Filter>Header Files\hbapi</Filter>
    </ClInclude>
    <ClInclude Include="hbapi\requestbase.h">
      <Filter>Header Files\hbapi</Filter>
    </ClInclude>
    <ClInclude Include="hbapi\reqmsgsubscribe.h">
      <Filter>Header Files\hbapi</Filter>
    </ClInclude>
    <ClInclude Include="hbapi\subscribebase.h">
      <Filter>Header Files\hbapi</Filter>
    </ClInclude>
    <ClInclude Include="hbapi\misshbdef.h">
      <Filter>Header Files\hbapi</Filter>
    </ClInclude>
    <ClInclude Include="hbapi\hbparser.h">
      <Filter>Header Files\hbapi</Filter>
    </ClInclude>
    <ClInclude Include="hbapi\mspool.hpp">
      <Filter>Header Files\hbapi</Filter>
    </ClInclude>
    <ClInclude Include="hbapi\arrayalgorithm.hpp">
      <Filter>Header Files\hbapi</Filter>
    </ClInclude>
    <ClInclude Include="hbapi\misshbfunc.h">
      <Filter>Header Files\hbapi</Filter>
    </ClInclude>
    <ClInclude Include="hbapi\msgtradedetail.h">
      <Filter>Header Files\hbapi</Filter>
    </ClInclude>
    <ClInclude Include="hbapi\msgmarketdetail.h">
      <Filter>Header Files\hbapi</Filter>
    </ClInclude>
    <ClInclude Include="hbapi\asksdata.h">
      <Filter>Header Files\hbapi</Filter>
    </ClInclude>
    <ClInclude Include="hbapi\bidsdata.h">
      <Filter>Header Files\hbapi</Filter>
    </ClInclude>
    <ClInclude Include="hbapi\tradesdata.h">
      <Filter>Header Files\hbapi</Filter>
    </ClInclude>
  </ItemGroup>
</Project>